
Microsoft Visual Studio Solution File, Format Version 12.00
# Visual Studio 15
VisualStudioVersion = 15.0.28307.572
MinimumVisualStudioVersion = 10.0.40219.1
Project("{8BC9CEB8-8B4A-11D0-8D11-00A0C91BC942}") = "ConsoleApplication42", "ConsoleApplication42\ConsoleApplication42.vcxproj", "{8444E75C-84E7-4220-B453-05941EB82515}"
EndProject
Global
	GlobalSection(SolutionConfigurationPlatforms) = preSolution
		Debug|x64 = Debug|x64
		Debug|x86 = Debug|x86
		Release|x64 = Release|x64
		Release|x86 = Release|x86
	EndGlobalSection
	GlobalSection(ProjectConfigurationPlatforms) = postSolution
		{8444E75C-84E7-4220-B453-05941EB82515}.Debug|x64.ActiveCfg = Debug|x64
		{8444E75C-84E7-4220-B453-05941EB82515}.Debug|x64.Build.0 = Debug|x64
		{8444E75C-84E7-4220-B453-05941EB82515}.Debug|x86.ActiveCfg = Debug|Win32
		{8444E75C-84E7-4220-B453-05941EB82515}.Debug|x86.Build.0 = Debug|Win32
		{8444E75C-84E7-4220-B453-05941EB82515}.Release|x64.ActiveCfg = Release|x64
		{8444E75C-84E7-4220-B453-05941EB82515}.Release|x64.Build.0 = Release|x64
		{8444E75C-84E7-4220-B453-05941EB82515}.Release|x86.ActiveCfg = Release|Win32
		{8444E75C-84E7-4220-B453-05941EB82515}.Release|x86.Build.0 = Release|Win32
	EndGlobalSection
	GlobalSection(SolutionProperties) = preSolution
		HideSolutionNode = FALSE
	EndGlobalSection
	GlobalSection(ExtensibilityGlobals) = postSolution
		SolutionGuid = {3606E671-1879-48D4-A5E9-1C3341926E41}
	EndGlobalSection
EndGlobal
